
Microsoft Visual Studio Solution File, Format Version 12.00
# Visual Studio Version 16
VisualStudioVersion = 25.0.1705.6
MinimumVisualStudioVersion = 10.0.40219.1
Project("{FAE04EC0-301F-11D3-BF4B-00C04F79EFBC}") = "Logger", "Logger\Logger.csproj", "{983ED990-77B0-4056-9941-4E8EEB7414D1}"
EndProject
Project("{FAE04EC0-301F-11D3-BF4B-00C04F79EFBC}") = "LogForU.Core", "LogForU.Core\LogForU.Core.csproj", "{9BE2464A-2574-4213-ABFB-920F87DE2953}"
EndProject
Global
	GlobalSection(SolutionConfigurationPlatforms) = preSolution
		Debug|Any CPU = Debug|Any CPU
		Release|Any CPU = Release|Any CPU
	EndGlobalSection
	GlobalSection(ProjectConfigurationPlatforms) = postSolution
		{983ED990-77B0-4056-9941-4E8EEB7414D1}.Debug|Any CPU.ActiveCfg = Debug|Any CPU
		{983ED990-77B0-4056-9941-4E8EEB7414D1}.Debug|Any CPU.Build.0 = Debug|Any CPU
		{983ED990-77B0-4056-9941-4E8EEB7414D1}.Release|Any CPU.ActiveCfg = Release|Any CPU
		{983ED990-77B0-4056-9941-4E8EEB7414D1}.Release|Any CPU.Build.0 = Release|Any CPU
		{9BE2464A-2574-4213-ABFB-920F87DE2953}.Debug|Any CPU.ActiveCfg = Debug|Any CPU
		{9BE2464A-2574-4213-ABFB-920F87DE2953}.Debug|Any CPU.Build.0 = Debug|Any CPU
		{9BE2464A-2574-4213-ABFB-920F87DE2953}.Release|Any CPU.ActiveCfg = Release|Any CPU
		{9BE2464A-2574-4213-ABFB-920F87DE2953}.Release|Any CPU.Build.0 = Release|Any CPU
	EndGlobalSection
	GlobalSection(SolutionProperties) = preSolution
		HideSolutionNode = FALSE
	EndGlobalSection
	GlobalSection(ExtensibilityGlobals) = postSolution
		SolutionGuid = {806FBBDA-D2EE-4BBD-9501-E325D7E06DA5}
	EndGlobalSection
EndGlobal
